# Generated by conda-lock.
# platform: linux-64
# input_hash: d983b6ef0791539c1669adab17de951b8d70cd53e57e0078fe4dafb6d281af7d
@EXPLICIT
https://repo.anaconda.com/pkgs/main/linux-64/_libgcc_mutex-0.1-main.conda#c3473ff8bdb3d124ed5ff11ec380d6f9
https://repo.anaconda.com/pkgs/main/linux-64/blas-1.0-mkl.conda#9a7a051e9bd41da46523acb017d8a517
https://repo.anaconda.com/pkgs/main/linux-64/ca-certificates-2021.7.5-h06a4308_1.conda#b2fecf5efa58597ba5f49c6b8217dee4
https://repo.anaconda.com/pkgs/main/linux-64/intel-openmp-2021.3.0-h06a4308_3350.conda#f4abddc8a0203dd80c3a7d27add9a14f
https://repo.anaconda.com/pkgs/main/linux-64/ld_impl_linux-64-2.35.1-h7274673_9.conda#dec20f7c8f9d5f1b293abd97b0f518ed
https://repo.anaconda.com/pkgs/main/linux-64/libgfortran-ng-7.3.0-hdf63c60_0.conda#e3e10877b7ee2bdd3f67f6d4d4e32e00
https://repo.anaconda.com/pkgs/main/linux-64/libstdcxx-ng-9.1.0-hdf63c60_0.conda#c3efd14430bedbe0a036a899f50cec7f
https://repo.anaconda.com/pkgs/main/linux-64/libgcc-ng-9.1.0-hdf63c60_0.conda#80a23105874059534307086faae566c5
https://repo.anaconda.com/pkgs/main/linux-64/mkl-2021.3.0-h06a4308_520.conda#1ade4a2bdc88efff997c2eb65d1d808f
https://repo.anaconda.com/pkgs/main/linux-64/bzip2-1.0.8-h7b6447c_0.conda#9303f4af7c004e069bae22bde8d800ee
https://repo.anaconda.com/pkgs/main/linux-64/c-ares-1.17.1-h27cfd23_0.conda#5e5b4f78e590914237307029282c971b
https://repo.anaconda.com/pkgs/main/linux-64/expat-2.4.1-h2531618_2.conda#ae7edbb4278ee49e17a38d98444c6612
https://repo.anaconda.com/pkgs/main/linux-64/geos-3.8.0-he6710b0_0.conda#0a93810ba2437b4bca7b17e30c49f669
https://repo.anaconda.com/pkgs/main/linux-64/icu-58.2-he6710b0_3.conda#48cc14d5ad1a9bcd8dac17211a8deb8b
https://conda.anaconda.org/conda-forge/linux-64/jpeg-9d-h36c2ea0_0.tar.bz2#ea02ce6037dbe81803ae6123e5ba1568
https://repo.anaconda.com/pkgs/main/linux-64/libaec-1.0.4-he6710b0_1.conda#95e3b23fe7c0108bce3b6826749bb94d
https://repo.anaconda.com/pkgs/main/linux-64/libev-4.33-h7b6447c_0.conda#a022f5d9c1737589a55c715cfaada508
https://repo.anaconda.com/pkgs/main/linux-64/libffi-3.3-he6710b0_2.conda#88a54b8f50e351c650e16f4ee781440c
https://repo.anaconda.com/pkgs/main/linux-64/libsodium-1.0.18-h7b6447c_0.conda#c8783b20f0e14bc1d701352c26c264d5
https://repo.anaconda.com/pkgs/main/linux-64/libuuid-1.0.3-h1bed415_2.conda#c7eb74a82210554559774327088c2582
https://repo.anaconda.com/pkgs/main/linux-64/libwebp-base-1.2.0-h27cfd23_0.conda#4d1ba466be28f57eeba2c341ae1390f4
https://repo.anaconda.com/pkgs/main/linux-64/libxcb-1.14-h7b6447c_0.conda#05811f2f9a9af28f3d7d665dca4d573e
https://repo.anaconda.com/pkgs/main/linux-64/lz4-c-1.9.3-h295c915_1.conda#d9bd18f73ff566e08add10a54a3463cf
https://repo.anaconda.com/pkgs/main/linux-64/ncurses-6.2-he6710b0_1.conda#b7ddf5ee3934b7f54620e8f6c0ee8a95
https://repo.anaconda.com/pkgs/main/linux-64/openssl-1.1.1l-h7f8727e_0.conda#0e915dd5bd00c5684e84c59cf561b2af
https://repo.anaconda.com/pkgs/main/linux-64/pcre-8.45-h295c915_0.conda#b32ccc24d1d9808618c1e898da60f68d
https://repo.anaconda.com/pkgs/main/linux-64/xz-5.2.5-h7b6447c_0.conda#73a16ea8ba890175a1ce94a3a87c8f68
https://repo.anaconda.com/pkgs/main/linux-64/yaml-0.2.5-h7b6447c_0.conda#39fdbf4db769e494ffb06d95680c83d8
https://repo.anaconda.com/pkgs/main/linux-64/zlib-1.2.11-h7b6447c_3.conda#50aa4407424985d56ec8ae2f94626aa9
https://repo.anaconda.com/pkgs/main/linux-64/glib-2.69.1-h5202010_0.conda#d7336b2523170ce22669972f4f8c3a20
https://repo.anaconda.com/pkgs/main/linux-64/hdf4-4.2.13-h3ca952b_2.conda#99f7b578c71893c6ffbe359499374048
https://conda.anaconda.org/conda-forge/linux-64/hdf5-1.10.6-nompi_h3c11f04_101.tar.bz2#9f1ccc4d36edf8ea15ce19f52cf6d601
https://repo.anaconda.com/pkgs/main/linux-64/jasper-1.900.1-hd497a04_4.conda#fdb696583837d4f0a0aeb411741827b0
https://repo.anaconda.com/pkgs/main/linux-64/libedit-3.1.20210714-h7f8727e_0.conda#a44c016447ec4fc366dc35ce5282a5a8
https://repo.anaconda.com/pkgs/main/linux-64/libnghttp2-1.41.0-hf8bcb03_2.conda#0bb17a2bc621b9d35a0d4a579eecdf7d
https://repo.anaconda.com/pkgs/main/linux-64/libpng-1.6.37-hbc83047_0.conda#689f903925dcf6c5ab7bc1de0f58b67b
https://repo.anaconda.com/pkgs/main/linux-64/libssh2-1.9.0-h1ba5d50_1.conda#f20d2c2f77ee95f800cf0e932af216ab
https://repo.anaconda.com/pkgs/main/linux-64/libxml2-2.9.10-hb55368b_3.conda#5cc9d595a9d91c2f5c1d722252e27343
https://repo.anaconda.com/pkgs/main/linux-64/readline-8.1-h27cfd23_0.conda#715789a38d447bc0cccc936209ac78c0
https://repo.anaconda.com/pkgs/main/linux-64/tk-8.6.10-hbc83047_0.conda#9ba14aaba4818a66c820f85f5bf34ca0
https://repo.anaconda.com/pkgs/main/linux-64/zeromq-4.3.4-h2531618_0.conda#45ce422428d9c98f354aec4b5cbd1046
https://repo.anaconda.com/pkgs/main/linux-64/zstd-1.4.9-haebb681_0.conda#2e81424da35919b0f552b9e5ba0a37ba
https://repo.anaconda.com/pkgs/main/linux-64/dbus-1.13.18-hb2f20db_0.conda#6a6a6f1391f807847404344489ef6cf4
https://repo.anaconda.com/pkgs/main/linux-64/freetype-2.10.4-h5ab3b9f_0.conda#bef0ea8b3abc9d84674733a3ca426865
https://repo.anaconda.com/pkgs/main/linux-64/gstreamer-1.14.0-h28cd5cc_2.conda#6af5d0cbd7310e1cd8a6a5c1c99649b2
https://repo.anaconda.com/pkgs/main/linux-64/krb5-1.19.2-hac12032_0.conda#62a43976b48799377103390c340a3824
https://repo.anaconda.com/pkgs/main/linux-64/libtiff-4.2.0-h85742a9_0.conda#a70887f6e46ea21d5e4e27685bd59ff9
https://repo.anaconda.com/pkgs/main/linux-64/sqlite-3.36.0-hc218d9a_0.conda#f917a337c8ef55f8536d6799af150b5a
https://repo.anaconda.com/pkgs/main/linux-64/fontconfig-2.13.1-h6c09931_0.conda#fa04e89166d4b44326c6d76e2f708715
https://repo.anaconda.com/pkgs/main/linux-64/gst-plugins-base-1.14.0-h8213a91_2.conda#838648422452405b86699e780e293c1d
https://repo.anaconda.com/pkgs/main/linux-64/lcms2-2.12-h3be6417_0.conda#719db47afba9f6586eecb5eacac70bff
https://repo.anaconda.com/pkgs/main/linux-64/libcurl-7.78.0-h0b77cf5_0.conda#224da35c06d4c99b8d41876aa6f8130c
https://repo.anaconda.com/pkgs/main/linux-64/openjpeg-2.4.0-h3ad879b_0.conda#86baecb47ecaa7f7ff2657a1f03b90c9
https://repo.anaconda.com/pkgs/main/linux-64/proj-6.2.1-haa6030c_0.conda#592b6e6008bc602d094b18d0b39ce22f
https://repo.anaconda.com/pkgs/main/linux-64/python-3.8.11-h12debd9_0_cpython.conda#911cb94a4015b7159ba40e317cd251df
https://repo.anaconda.com/pkgs/main/noarch/alabaster-0.7.12-pyhd3eb1b0_0.tar.bz2#21ad3b69a5ce6c22e724e9dbb4cffa65
https://repo.anaconda.com/pkgs/main/linux-64/async-timeout-3.0.1-py38h06a4308_0.conda#bdaccfd5319c9f296784e7309f97f87d
https://repo.anaconda.com/pkgs/main/noarch/async_generator-1.10-pyhd3eb1b0_0.tar.bz2#c1a2aee62319a0fd9a40460b5c1d3b54
https://repo.anaconda.com/pkgs/main/noarch/attrs-21.2.0-pyhd3eb1b0_0.conda#2a1943ec3b34c5231268f652ef688081
https://repo.anaconda.com/pkgs/main/noarch/backcall-0.2.0-pyhd3eb1b0_0.tar.bz2#b2aa5503875aba2f1d88cae9df9a96d5
https://repo.anaconda.com/pkgs/main/linux-64/certifi-2021.5.30-py38h06a4308_0.conda#72292dd88ab45323a890685c90c271e3
https://repo.anaconda.com/pkgs/main/linux-64/chardet-3.0.4-py38h06a4308_1003.conda#8fbe25c5c5ab9f6d55914843c17654cb
https://repo.anaconda.com/pkgs/main/noarch/charset-normalizer-2.0.4-pyhd3eb1b0_0.conda#e7a441d94234b2b5fafee06e25dbf076
https://repo.anaconda.com/pkgs/main/noarch/cloudpickle-1.6.0-py_0.conda#4af8dd70369256b84ed5cdb100871d85
https://repo.anaconda.com/pkgs/main/linux-64/curl-7.78.0-h1ccaba5_0.conda#2aa115252b10389012c3a4d9337131cc
https://repo.anaconda.com/pkgs/main/noarch/decorator-5.0.9-pyhd3eb1b0_0.conda#3b56b13cfdc1db514df982283c01a95e
https://repo.anaconda.com/pkgs/main/noarch/defusedxml-0.7.1-pyhd3eb1b0_0.conda#d912068b0729930972adcaac338882c0
https://repo.anaconda.com/pkgs/main/linux-64/docutils-0.17.1-py38h06a4308_1.conda#d90ea0ab17a922c881d967ef5b239752
https://repo.anaconda.com/pkgs/main/linux-64/entrypoints-0.3-py38_0.conda#f21a05dd7fbcb93d709e629afc215745
https://repo.anaconda.com/pkgs/main/noarch/fsspec-0.8.3-py_0.conda#8f3cf3ce13d1c2b114b15bc304d12575
https://repo.anaconda.com/pkgs/main/noarch/heapdict-1.0.1-py_0.conda#ad144fb43ed5d9cf77c55f373642fd0e
https://repo.anaconda.com/pkgs/main/noarch/idna-3.2-pyhd3eb1b0_0.conda#53c3d39ded51c78ca0909ec4b8a5a006
https://repo.anaconda.com/pkgs/main/noarch/imagesize-1.2.0-pyhd3eb1b0_0.conda#3380812ab14b4f51d7ce2f6c0b962a6d
https://repo.anaconda.com/pkgs/main/noarch/ipython_genutils-0.2.0-pyhd3eb1b0_1.conda#553832c0b872a28088a0001fa2ba3822
https://repo.anaconda.com/pkgs/main/linux-64/kiwisolver-1.3.1-py38h2531618_0.conda#c084270e4b56cfe39f5c3249ac1f9511
https://repo.anaconda.com/pkgs/main/linux-64/locket-0.2.1-py38h06a4308_1.conda#8a9db0bd5e3c16c3a2287631da1fecd9
https://repo.anaconda.com/pkgs/main/linux-64/markupsafe-2.0.1-py38h27cfd23_0.conda#50dcb2135a5ded2e9f60a74bf5093e58
https://repo.anaconda.com/pkgs/main/linux-64/mistune-0.8.4-py38h7b6447c_1000.conda#5b985f581fab6e8aff8157976b0868a9
https://repo.anaconda.com/pkgs/main/linux-64/msgpack-python-1.0.2-py38hff7bd54_1.conda#258bacbc29874305ea2593c4e046127a
https://repo.anaconda.com/pkgs/main/linux-64/multidict-4.7.6-py38h7b6447c_1.conda#077963e3d3af84462549136646b48094
https://repo.anaconda.com/pkgs/main/noarch/nest-asyncio-1.5.1-pyhd3eb1b0_0.conda#de1248e84dd58965e5199beff21adedd
https://repo.anaconda.com/pkgs/main/noarch/olefile-0.46-py_0.conda#c375c94096c0e2d79eba3b89f60dca93
https://repo.anaconda.com/pkgs/main/linux-64/pandocfilters-1.4.3-py38h06a4308_1.conda#a1e8be1705ee4281d968f421eb7fafe2
https://repo.anaconda.com/pkgs/main/noarch/parso-0.8.2-pyhd3eb1b0_0.conda#61b08919ce91e786d6e8c0a413fad2c8
https://repo.anaconda.com/pkgs/main/noarch/pickleshare-0.7.5-pyhd3eb1b0_1003.conda#4a6363fd8dda664b95f99f7c5aa95abc
https://repo.anaconda.com/pkgs/main/noarch/prometheus_client-0.11.0-pyhd3eb1b0_0.conda#3554d5820c0f0291eeaf0e9b183e28c1
https://repo.anaconda.com/pkgs/main/linux-64/psutil-5.8.0-py38h27cfd23_1.conda#62e8566b28df8e8d2eaa80d432737440
https://repo.anaconda.com/pkgs/main/noarch/ptyprocess-0.7.0-pyhd3eb1b0_2.conda#7441d2827d4bfbcc1fa308875a146246
https://repo.anaconda.com/pkgs/main/noarch/pycparser-2.20-py_2.conda#fcfeb621c6f895f3562ff01d9d6ce959
https://repo.anaconda.com/pkgs/main/noarch/pyparsing-2.4.7-pyhd3eb1b0_0.tar.bz2#b4511d563c82fbfb8be42afb8814b144
https://repo.anaconda.com/pkgs/main/linux-64/pyrsistent-0.17.3-py38h7b6447c_0.conda#ba41d756b401b9e76f94d8d44526ec9a
https://repo.anaconda.com/pkgs/main/noarch/pyshp-2.1.3-pyhd3eb1b0_0.conda#88cbe7dfaaa9637856652237aac3b580
https://repo.anaconda.com/pkgs/main/linux-64/pysocks-1.7.1-py38h06a4308_0.conda#21c67581f3a81ffbb02728eb2178d693
https://conda.anaconda.org/conda-forge/linux-64/python_abi-3.8-2_cp38.tar.bz2#bfbb29d517281e78ac53e48d21e6e860
https://repo.anaconda.com/pkgs/main/noarch/pytz-2021.1-pyhd3eb1b0_0.conda#d245638e438fd69fc77153cf96d97830
https://repo.anaconda.com/pkgs/main/linux-64/pyyaml-5.4.1-py38h27cfd23_1.conda#15a40db13c8d4ce97939fe256c6c50bf
https://repo.anaconda.com/pkgs/main/linux-64/pyzmq-22.2.1-py38h295c915_1.conda#6e10403c129f531d9d7ef0e9f88dbb13
https://repo.anaconda.com/pkgs/main/linux-64/qt-5.9.7-h5867ecd_1.conda#05507dbc35c46ac5a7066fc860a62341
https://repo.anaconda.com/pkgs/main/noarch/send2trash-1.5.0-pyhd3eb1b0_1.conda#0e7ec21f7c16d7119c0e465d8868a549
https://repo.anaconda.com/pkgs/main/linux-64/sip-4.19.13-py38he6710b0_0.conda#47810340069a33face31cc56e48d746e
https://repo.anaconda.com/pkgs/main/noarch/six-1.16.0-pyhd3eb1b0_0.conda#529b369e1accc75b89f2d7e184a898d0
https://repo.anaconda.com/pkgs/main/noarch/snowballstemmer-2.1.0-pyhd3eb1b0_0.conda#78bb4ebd2ee944afc594aa23c82d26a7
https://repo.anaconda.com/pkgs/main/noarch/sortedcontainers-2.4.0-pyhd3eb1b0_0.conda#e829a94a9bc0b44c8951a56ec6d0be44
https://repo.anaconda.com/pkgs/main/noarch/sphinxcontrib-applehelp-1.0.2-pyhd3eb1b0_0.tar.bz2#ac923499f97b9a9ab7c672b27cb2a1a8
https://repo.anaconda.com/pkgs/main/noarch/sphinxcontrib-devhelp-1.0.2-pyhd3eb1b0_0.tar.bz2#bc39c2b70430734b5879d6b504e3311f
https://repo.anaconda.com/pkgs/main/noarch/sphinxcontrib-htmlhelp-2.0.0-pyhd3eb1b0_0.conda#2af558ca8b56151110c7a3639a1ea348
https://repo.anaconda.com/pkgs/main/noarch/sphinxcontrib-jsmath-1.0.1-pyhd3eb1b0_0.tar.bz2#e43f8de7d6a717935ab220a0c957771d
https://repo.anaconda.com/pkgs/main/noarch/sphinxcontrib-qthelp-1.0.3-pyhd3eb1b0_0.tar.bz2#08d67f73f640b4d1e5e8890a324b60e3
https://repo.anaconda.com/pkgs/main/noarch/sphinxcontrib-serializinghtml-1.1.5-pyhd3eb1b0_0.conda#0440b84dfd478f340cf14c2d7c24f6c7
https://repo.anaconda.com/pkgs/main/noarch/tblib-1.7.0-py_0.conda#d36c5472215891b29e1a678b5f382156
https://repo.anaconda.com/pkgs/main/noarch/testpath-0.5.0-pyhd3eb1b0_0.conda#bd2a5c664c982e8637ae17b1662bd9a4
https://repo.anaconda.com/pkgs/main/noarch/toolz-0.11.1-pyhd3eb1b0_0.tar.bz2#00dfc93d10439703a4771d2b6c8624de
https://repo.anaconda.com/pkgs/main/linux-64/tornado-6.1-py38h27cfd23_0.conda#d2d3043f631807af72b0fde504baf625
https://repo.anaconda.com/pkgs/main/noarch/tqdm-4.50.2-py_0.conda#c4ad8a4db71440f2915dd07ed7ff3757
https://repo.anaconda.com/pkgs/main/noarch/typing_extensions-3.10.0.0-pyh06a4308_0.conda#d3f801713400d13a37216d87f2f43735
https://repo.anaconda.com/pkgs/main/noarch/wcwidth-0.2.5-py_0.conda#b7c958085cc261c78cf66df14926fafe
https://repo.anaconda.com/pkgs/main/linux-64/webencodings-0.5.1-py38_1.conda#5c9a80af48919815917612e58474a391
https://repo.anaconda.com/pkgs/main/noarch/wheel-0.37.0-pyhd3eb1b0_0.conda#87f832040ce9393582d4b5ad7947fc21
https://repo.anaconda.com/pkgs/main/noarch/zipp-3.5.0-pyhd3eb1b0_0.conda#432b880330ceec91aa14c2437f76f04d
https://repo.anaconda.com/pkgs/main/noarch/babel-2.9.1-pyhd3eb1b0_0.conda#61575e8b70e18ebc54e65da5e441b861
https://repo.anaconda.com/pkgs/main/linux-64/cffi-1.14.6-py38h400218f_0.conda#cd530b3739b7bfeac4b260c8c72fbe72
https://repo.anaconda.com/pkgs/main/linux-64/cycler-0.10.0-py38_0.conda#59bc042b0900f52a43a2a1ca50dfb60a
https://repo.anaconda.com/pkgs/main/linux-64/cytoolz-0.11.0-py38h7b6447c_0.conda#674167bf0c35566f9fb70653cfc196c0
https://repo.anaconda.com/pkgs/main/noarch/dask-core-2.30.0-py_0.conda#8044d3a863f94e6a23df7ce10c63d839
https://repo.anaconda.com/pkgs/main/linux-64/importlib-metadata-3.10.0-py38h06a4308_0.conda#b064c19266a568270f06245b9d4dc4ec
https://repo.anaconda.com/pkgs/main/linux-64/jedi-0.17.0-py38_0.conda#f8dbf0ef973c55615580ef586387dca1
https://conda.anaconda.org/conda-forge/linux-64/libnetcdf-4.7.4-nompi_h56d31a8_107.tar.bz2#ef3d349e818876a175de7d87bd6451df
https://repo.anaconda.com/pkgs/main/linux-64/mkl-service-2.4.0-py38h7f8727e_0.conda#d44a183b4c54b461a8fa24805c53179a
https://repo.anaconda.com/pkgs/main/noarch/packaging-21.0-pyhd3eb1b0_0.conda#ecaf83327ea9dbb8c300eb4133409661
https://repo.anaconda.com/pkgs/main/noarch/partd-1.2.0-pyhd3eb1b0_0.conda#18acaf563820aea10c11d925e0bddfb4
https://repo.anaconda.com/pkgs/main/noarch/pexpect-4.8.0-pyhd3eb1b0_3.conda#765b2562d6cdd14bb6d44fc170a04331
https://repo.anaconda.com/pkgs/main/linux-64/pillow-8.3.1-py38h2c7a002_0.conda#93d838807af07bbc798ed6729c9da925
https://repo.anaconda.com/pkgs/main/noarch/prompt-toolkit-3.0.17-pyh06a4308_0.conda#fe48d5488d6bc444ad0d4b8b85995fb8
https://repo.anaconda.com/pkgs/main/linux-64/pyqt-5.9.2-py38h05f1152_4.conda#d3e6b8e1a634125414f87f231c755dae
https://repo.anaconda.com/pkgs/main/noarch/python-dateutil-2.8.2-pyhd3eb1b0_0.conda#211ee00320b08a1ac9fea6677649f6c9
https://repo.anaconda.com/pkgs/main/linux-64/setuptools-52.0.0-py38h06a4308_0.conda#28b5368307cefee1c0940ff14064ed9c
https://repo.anaconda.com/pkgs/main/linux-64/terminado-0.9.4-py38h06a4308_0.conda#b3cd142104de2795c9bbb34cbc308eb2
https://repo.anaconda.com/pkgs/main/noarch/traitlets-5.0.5-pyhd3eb1b0_0.tar.bz2#dea22b1a398fde6306c02919eadf0c78
https://repo.anaconda.com/pkgs/main/linux-64/yarl-1.6.3-py38h27cfd23_0.conda#d75a5a7085cbfcfaac45a3514fd81504
https://repo.anaconda.com/pkgs/main/noarch/zict-2.0.0-pyhd3eb1b0_0.tar.bz2#65a8a82839c60f1101cde031c29b6677
https://repo.anaconda.com/pkgs/main/linux-64/aiohttp-3.6.2-py38h7b6447c_0.conda#bc5e361dd437eb20d495c5dc90fc2dd1
https://repo.anaconda.com/pkgs/main/linux-64/argon2-cffi-20.1.0-py38h27cfd23_1.conda#9d915ab1205a2e1881bb28fde360630b
https://repo.anaconda.com/pkgs/main/noarch/bleach-4.0.0-pyhd3eb1b0_0.conda#b815b0a429eb4f7f1d524ed07ccc2a5c
https://repo.anaconda.com/pkgs/main/linux-64/brotlipy-0.7.0-py38h27cfd23_1003.conda#e881c8ee8a4048f29da5d20f0330fe37
https://repo.anaconda.com/pkgs/main/noarch/click-8.0.1-pyhd3eb1b0_0.conda#b9107c94b10ed3429aee85a2d77629c8
https://repo.anaconda.com/pkgs/main/linux-64/cryptography-3.4.7-py38hd23ed53_0.conda#2a1dbcc79beff36a06ca7a53f8316efc
https://conda.anaconda.org/conda-forge/linux-64/eccodes-2.18.0-hf05d9b7_0.tar.bz2#b9811e45236899e7a97216cc64a988d0
https://repo.anaconda.com/pkgs/main/noarch/importlib_metadata-3.10.0-hd3eb1b0_0.conda#e88ee7c6f1e7faf52d9d16f5720d467e
https://repo.anaconda.com/pkgs/main/noarch/jinja2-3.0.1-pyhd3eb1b0_0.conda#bdc306d891e4dc2e5c4b21d45e38e4b5
https://repo.anaconda.com/pkgs/main/linux-64/jupyter_core-4.7.1-py38h06a4308_0.conda#4dc89e90fe7b643db7a9f82e933de4d8
https://repo.anaconda.com/pkgs/main/linux-64/numpy-base-1.20.3-py38h74d4b33_0.conda#5e6fc96b00de92309e3aa19af38f1929
https://repo.anaconda.com/pkgs/main/linux-64/pip-20.2.3-py38h06a4308_0.conda#7b0a479d96569b51597205a6cad86dad
https://repo.anaconda.com/pkgs/main/noarch/pygments-2.10.0-pyhd3eb1b0_0.conda#b067ae4115e6d884f47572ba8b77a30e
https://repo.anaconda.com/pkgs/main/linux-64/distributed-2.30.0-py38_0.conda#b7b9e4b214c9c8941af789a73aa8d969
https://repo.anaconda.com/pkgs/main/linux-64/ipython-7.18.1-py38h5ca1d4c_0.conda#2139428be168ed55b60333576243ca14
https://repo.anaconda.com/pkgs/main/noarch/jsonschema-3.2.0-py_2.conda#9b1f6a78ee7c1a42b37d32981052592d
https://repo.anaconda.com/pkgs/main/noarch/jupyter_client-6.1.12-pyhd3eb1b0_0.conda#080d92e7c1858dd232eda21025bdff9f
https://repo.anaconda.com/pkgs/main/noarch/jupyterlab_pygments-0.1.2-py_0.conda#af46aff4922ca45df6ba19b313df6070
https://repo.anaconda.com/pkgs/main/noarch/pyopenssl-20.0.1-pyhd3eb1b0_1.conda#ac62ddccf2e89f7a35867b2478a278af
https://repo.anaconda.com/pkgs/main/linux-64/ipykernel-5.3.4-py38h5ca1d4c_0.conda#75e7a6a523bff56edb6b719697e9660b
https://repo.anaconda.com/pkgs/main/noarch/nbformat-5.1.3-pyhd3eb1b0_0.conda#d8b6b5ed39758cfac0c13000fbea7f2e
https://repo.anaconda.com/pkgs/main/noarch/urllib3-1.26.6-pyhd3eb1b0_1.conda#5c72bc4a5a4fc0420b0e73b3acb1f52b
https://repo.anaconda.com/pkgs/main/noarch/nbclient-0.5.3-pyhd3eb1b0_0.conda#b92330415e6f74136f059edc992586f7
https://repo.anaconda.com/pkgs/main/noarch/requests-2.26.0-pyhd3eb1b0_0.conda#29d0283ebbb15ec55e7b61f1bf75328d
https://repo.anaconda.com/pkgs/main/linux-64/nbconvert-6.1.0-py38h06a4308_0.conda#17bbbaa994689cb955db812d4f8f594d
https://repo.anaconda.com/pkgs/main/noarch/sphinx-4.0.2-pyhd3eb1b0_0.conda#6988f2e2dc5f9a11de564a9138785912
https://conda.anaconda.org/conda-forge/noarch/nbsphinx-0.7.1-pyh9f0ad1d_0.tar.bz2#a3bb68f9b460d4ad7854269df5e93657
https://repo.anaconda.com/pkgs/main/linux-64/notebook-6.4.3-py38h06a4308_0.conda#73e27a047ab31fa224ea2a620a7955ab
https://repo.anaconda.com/pkgs/main/noarch/numpydoc-1.1.0-pyhd3eb1b0_1.conda#1c501e06eac61e642e71deeb1c94bcc8
https://conda.anaconda.org/conda-forge/noarch/sphinx-autosummary-accessors-0.1.2-py_2.tar.bz2#0f93ad62df9d581ad28892a4c0faa35a
https://repo.anaconda.com/pkgs/main/linux-64/widgetsnbextension-3.5.1-py38_0.conda#18f1de4d8d96594cfff3a4129e24d6e4
https://repo.anaconda.com/pkgs/main/noarch/ipywidgets-7.5.1-py_1.conda#8a73b3e3465d879297d67deae588e965
https://conda.anaconda.org/conda-forge/linux-64/gsw-3.4.0-py38hab2c0dc_1.tar.bz2#77d7252e299b21e612ad9e029bdff57c
https://conda.anaconda.org/conda-forge/noarch/erddapy-0.7.2-py_0.tar.bz2#54787bf5aa35fc7627bddfbde07b61d7
https://repo.anaconda.com/pkgs/main/linux-64/bokeh-2.3.3-py38h06a4308_0.conda#016bd430fc99c63d0bda9844be09677f
https://repo.anaconda.com/pkgs/main/linux-64/bottleneck-1.3.2-py38heb32a55_1.conda#987384f93dd2bac7a44b2c4a914ddbdd
https://repo.anaconda.com/pkgs/main/linux-64/cftime-1.2.1-py38heb32a55_0.conda#1b39e39050f219202474d9cc04288315
https://conda.anaconda.org/conda-forge/linux-64/netcdf4-1.5.4-nompi_py38hec8b9af_103.tar.bz2#f6436d7171728934d1e630a32a6eee93
https://repo.anaconda.com/pkgs/main/linux-64/matplotlib-3.3.2-h06a4308_0.conda#fb92a25afe26985d91bb557d183c3eff
https://repo.anaconda.com/pkgs/main/linux-64/matplotlib-base-3.3.2-py38h817c723_0.conda#8bdc509599f37e4ad6efc24772e3e359
https://repo.anaconda.com/pkgs/main/linux-64/mkl_fft-1.3.0-py38h42c9631_2.conda#466c36695155a88248c4cde9871309e2
https://repo.anaconda.com/pkgs/main/linux-64/mkl_random-1.2.2-py38h51133e4_0.conda#1e3b7251e474e099a4bfd672fdca17d8
https://repo.anaconda.com/pkgs/main/linux-64/numpy-1.20.3-py38hf144106_0.conda#73e25e5efbd86d6493ae8050cb33735b
https://repo.anaconda.com/pkgs/main/linux-64/numexpr-2.7.3-py38h22e1b3c_1.conda#fdd4dd744e6409461fbc9543e30da04f
https://repo.anaconda.com/pkgs/main/linux-64/scipy-1.6.2-py38had2a1c9_1.conda#e6c2e8a210cbd7d6a361d3bf6c70093a
https://repo.anaconda.com/pkgs/main/linux-64/shapely-1.7.1-py38h98ec03d_0.conda#016442fc2e83c632128a49c2d1440fea
https://repo.anaconda.com/pkgs/main/linux-64/cartopy-0.18.0-py38h0d9ca2b_1.conda#8911c7154b225f77347b1fcb97f892b6
https://repo.anaconda.com/pkgs/main/linux-64/pandas-1.3.2-py38h8c16a72_0.conda#5b734e92ed96f70472dbd8f598ae691a
https://repo.anaconda.com/pkgs/main/noarch/dask-2.30.0-py_0.conda#962cff2a75256093a3d0a2d431e16a77
https://repo.anaconda.com/pkgs/main/noarch/seaborn-0.11.0-py_0.conda#7bdf099beb473c7a46d3c29080e546cd
https://repo.anaconda.com/pkgs/main/noarch/xarray-0.16.1-py_0.conda#efca090c37e0efbaafc0c36f90a4e98c
https://conda.anaconda.org/conda-forge/noarch/cfgrib-0.9.8.4-py_0.tar.bz2#901e4d9174eafde2a08abea34ce8a52f
